
Microsoft Visual Studio Solution File, Format Version 12.00
# Visual Studio Version 16
VisualStudioVersion = 16.0.31220.234
MinimumVisualStudioVersion = 10.0.40219.1
Project("{9A19103F-16F7-4668-BE54-9A1E7A4F7556}") = "Notes", "Notes\Notes\Notes.csproj", "{3C68D995-B664-482A-8F5F-B2FB54790CB9}"
EndProject
Project("{9A19103F-16F7-4668-BE54-9A1E7A4F7556}") = "Notes.WinUI", "Notes\Notes.WinUI\Notes.WinUI.csproj", "{6D6A2374-F381-412E-BD42-B6A1AE577AAA}"
EndProject
Global
	GlobalSection(SolutionConfigurationPlatforms) = preSolution
		Debug|Any CPU = Debug|Any CPU
		Release|Any CPU = Release|Any CPU
	EndGlobalSection
	GlobalSection(ProjectConfigurationPlatforms) = postSolution
		{3C68D995-B664-482A-8F5F-B2FB54790CB9}.Debug|Any CPU.ActiveCfg = Debug|Any CPU
		{3C68D995-B664-482A-8F5F-B2FB54790CB9}.Debug|Any CPU.Build.0 = Debug|Any CPU
		{3C68D995-B664-482A-8F5F-B2FB54790CB9}.Debug|Any CPU.Deploy.0 = Debug|Any CPU
		{3C68D995-B664-482A-8F5F-B2FB54790CB9}.Release|Any CPU.ActiveCfg = Release|Any CPU
		{3C68D995-B664-482A-8F5F-B2FB54790CB9}.Release|Any CPU.Build.0 = Release|Any CPU
		{3C68D995-B664-482A-8F5F-B2FB54790CB9}.Release|Any CPU.Deploy.0 = Release|Any CPU
		{6D6A2374-F381-412E-BD42-B6A1AE577AAA}.Debug|Any CPU.ActiveCfg = Debug|Any CPU
		{6D6A2374-F381-412E-BD42-B6A1AE577AAA}.Debug|Any CPU.Build.0 = Debug|Any CPU
		{6D6A2374-F381-412E-BD42-B6A1AE577AAA}.Debug|Any CPU.Deploy.0 = Debug|Any CPU
		{6D6A2374-F381-412E-BD42-B6A1AE577AAA}.Release|Any CPU.ActiveCfg = Release|Any CPU
		{6D6A2374-F381-412E-BD42-B6A1AE577AAA}.Release|Any CPU.Build.0 = Release|Any CPU
		{6D6A2374-F381-412E-BD42-B6A1AE577AAA}.Release|Any CPU.Deploy.0 = Release|Any CPU
	EndGlobalSection
	GlobalSection(SolutionProperties) = preSolution
		HideSolutionNode = FALSE
	EndGlobalSection
	GlobalSection(ExtensibilityGlobals) = postSolution
		SolutionGuid = {61F7FB11-1E47-470C-91E2-47F8143E1572}
	EndGlobalSection
EndGlobal
