
Microsoft Visual Studio Solution File, Format Version 12.00
# Visual Studio Version 16
VisualStudioVersion = 16.0.31220.234
MinimumVisualStudioVersion = 10.0.40219.1
Project("{9A19103F-16F7-4668-BE54-9A1E7A4F7556}") = "PartsClient", "PartsClient\PartsClient\PartsClient.csproj", "{82FC34A7-9A17-493C-8507-8A59035E35C6}"
EndProject
Project("{9A19103F-16F7-4668-BE54-9A1E7A4F7556}") = "PartsClient.WinUI", "PartsClient\PartsClient.WinUI\PartsClient.WinUI.csproj", "{6887C117-ECBA-4BE0-96E7-55ED9831A71B}"
EndProject
Global
	GlobalSection(SolutionConfigurationPlatforms) = preSolution
		Debug|Any CPU = Debug|Any CPU
		Release|Any CPU = Release|Any CPU
	EndGlobalSection
	GlobalSection(ProjectConfigurationPlatforms) = postSolution
		{82FC34A7-9A17-493C-8507-8A59035E35C6}.Debug|Any CPU.ActiveCfg = Debug|Any CPU
		{82FC34A7-9A17-493C-8507-8A59035E35C6}.Debug|Any CPU.Build.0 = Debug|Any CPU
		{82FC34A7-9A17-493C-8507-8A59035E35C6}.Debug|Any CPU.Deploy.0 = Debug|Any CPU
		{82FC34A7-9A17-493C-8507-8A59035E35C6}.Release|Any CPU.ActiveCfg = Release|Any CPU
		{82FC34A7-9A17-493C-8507-8A59035E35C6}.Release|Any CPU.Build.0 = Release|Any CPU
		{82FC34A7-9A17-493C-8507-8A59035E35C6}.Release|Any CPU.Deploy.0 = Release|Any CPU
		{6887C117-ECBA-4BE0-96E7-55ED9831A71B}.Debug|Any CPU.ActiveCfg = Debug|Any CPU
		{6887C117-ECBA-4BE0-96E7-55ED9831A71B}.Debug|Any CPU.Build.0 = Debug|Any CPU
		{6887C117-ECBA-4BE0-96E7-55ED9831A71B}.Debug|Any CPU.Deploy.0 = Debug|Any CPU
		{6887C117-ECBA-4BE0-96E7-55ED9831A71B}.Release|Any CPU.ActiveCfg = Release|Any CPU
		{6887C117-ECBA-4BE0-96E7-55ED9831A71B}.Release|Any CPU.Build.0 = Release|Any CPU
		{6887C117-ECBA-4BE0-96E7-55ED9831A71B}.Release|Any CPU.Deploy.0 = Release|Any CPU
	EndGlobalSection
	GlobalSection(SolutionProperties) = preSolution
		HideSolutionNode = FALSE
	EndGlobalSection
	GlobalSection(ExtensibilityGlobals) = postSolution
		SolutionGuid = {61F7FB11-1E47-470C-91E2-47F8143E1572}
	EndGlobalSection
EndGlobal
