
Microsoft Visual Studio Solution File, Format Version 12.00
# Visual Studio Version 17
VisualStudioVersion = 17.0.31717.71
MinimumVisualStudioVersion = 10.0.40219.1
Project("{FAE04EC0-301F-11D3-BF4B-00C04F79EFBC}") = "PartsClient", "PartsClient\PartsClient.csproj", "{07BE6CBA-A0D7-4965-82D8-8C1E80E0F39B}"
EndProject
Global
	GlobalSection(SolutionConfigurationPlatforms) = preSolution
		Debug|Any CPU = Debug|Any CPU
		Release|Any CPU = Release|Any CPU
	EndGlobalSection
	GlobalSection(ProjectConfigurationPlatforms) = postSolution
		{07BE6CBA-A0D7-4965-82D8-8C1E80E0F39B}.Debug|Any CPU.ActiveCfg = Debug|Any CPU
		{07BE6CBA-A0D7-4965-82D8-8C1E80E0F39B}.Debug|Any CPU.Build.0 = Debug|Any CPU
		{07BE6CBA-A0D7-4965-82D8-8C1E80E0F39B}.Debug|Any CPU.Deploy.0 = Debug|Any CPU
		{07BE6CBA-A0D7-4965-82D8-8C1E80E0F39B}.Release|Any CPU.ActiveCfg = Release|Any CPU
		{07BE6CBA-A0D7-4965-82D8-8C1E80E0F39B}.Release|Any CPU.Build.0 = Release|Any CPU
		{07BE6CBA-A0D7-4965-82D8-8C1E80E0F39B}.Release|Any CPU.Deploy.0 = Release|Any CPU
	EndGlobalSection
	GlobalSection(SolutionProperties) = preSolution
		HideSolutionNode = FALSE
	EndGlobalSection
	GlobalSection(ExtensibilityGlobals) = postSolution
		SolutionGuid = {9899EA04-2CC3-4404-99FC-BC63547B575B}
	EndGlobalSection
EndGlobal
