
Microsoft Visual Studio Solution File, Format Version 12.00
# Visual Studio Version 16
VisualStudioVersion = 16.0.31220.234
MinimumVisualStudioVersion = 10.0.40219.1
Project("{9A19103F-16F7-4668-BE54-9A1E7A4F7556}") = "TipCalculator", "TipCalculator\TipCalculator\TipCalculator.csproj", "{3212AF42-C65B-47D4-9640-E3A7A89B23CE}"
EndProject
Project("{9A19103F-16F7-4668-BE54-9A1E7A4F7556}") = "TipCalculator.WinUI", "TipCalculator\TipCalculator.WinUI\TipCalculator.WinUI.csproj", "{04788E2E-F6F2-4B96-99EF-0344A83AC375}"
EndProject
Global
	GlobalSection(SolutionConfigurationPlatforms) = preSolution
		Debug|Any CPU = Debug|Any CPU
		Release|Any CPU = Release|Any CPU
	EndGlobalSection
	GlobalSection(ProjectConfigurationPlatforms) = postSolution
		{3212AF42-C65B-47D4-9640-E3A7A89B23CE}.Debug|Any CPU.ActiveCfg = Debug|Any CPU
		{3212AF42-C65B-47D4-9640-E3A7A89B23CE}.Debug|Any CPU.Build.0 = Debug|Any CPU
		{3212AF42-C65B-47D4-9640-E3A7A89B23CE}.Debug|Any CPU.Deploy.0 = Debug|Any CPU
		{3212AF42-C65B-47D4-9640-E3A7A89B23CE}.Release|Any CPU.ActiveCfg = Release|Any CPU
		{3212AF42-C65B-47D4-9640-E3A7A89B23CE}.Release|Any CPU.Build.0 = Release|Any CPU
		{3212AF42-C65B-47D4-9640-E3A7A89B23CE}.Release|Any CPU.Deploy.0 = Release|Any CPU
		{04788E2E-F6F2-4B96-99EF-0344A83AC375}.Debug|Any CPU.ActiveCfg = Debug|Any CPU
		{04788E2E-F6F2-4B96-99EF-0344A83AC375}.Debug|Any CPU.Build.0 = Debug|Any CPU
		{04788E2E-F6F2-4B96-99EF-0344A83AC375}.Debug|Any CPU.Deploy.0 = Debug|Any CPU
		{04788E2E-F6F2-4B96-99EF-0344A83AC375}.Release|Any CPU.ActiveCfg = Release|Any CPU
		{04788E2E-F6F2-4B96-99EF-0344A83AC375}.Release|Any CPU.Build.0 = Release|Any CPU
		{04788E2E-F6F2-4B96-99EF-0344A83AC375}.Release|Any CPU.Deploy.0 = Release|Any CPU
	EndGlobalSection
	GlobalSection(SolutionProperties) = preSolution
		HideSolutionNode = FALSE
	EndGlobalSection
	GlobalSection(ExtensibilityGlobals) = postSolution
		SolutionGuid = {61F7FB11-1E47-470C-91E2-47F8143E1572}
	EndGlobalSection
EndGlobal
