
Microsoft Visual Studio Solution File, Format Version 12.00
# Visual Studio Version 16
VisualStudioVersion = 16.0.31220.234
MinimumVisualStudioVersion = 10.0.40219.1
Project("{9A19103F-16F7-4668-BE54-9A1E7A4F7556}") = "People", "People\People\People.csproj", "{33FC64C4-6F78-4503-B59A-FF759F9597AD}"
EndProject
Project("{9A19103F-16F7-4668-BE54-9A1E7A4F7556}") = "People.WinUI", "People\People.WinUI\People.WinUI.csproj", "{3D5FE363-5446-4D6C-9847-50998B6BA858}"
EndProject
Global
	GlobalSection(SolutionConfigurationPlatforms) = preSolution
		Debug|Any CPU = Debug|Any CPU
		Release|Any CPU = Release|Any CPU
	EndGlobalSection
	GlobalSection(ProjectConfigurationPlatforms) = postSolution
		{33FC64C4-6F78-4503-B59A-FF759F9597AD}.Debug|Any CPU.ActiveCfg = Debug|Any CPU
		{33FC64C4-6F78-4503-B59A-FF759F9597AD}.Debug|Any CPU.Build.0 = Debug|Any CPU
		{33FC64C4-6F78-4503-B59A-FF759F9597AD}.Debug|Any CPU.Deploy.0 = Debug|Any CPU
		{33FC64C4-6F78-4503-B59A-FF759F9597AD}.Release|Any CPU.ActiveCfg = Release|Any CPU
		{33FC64C4-6F78-4503-B59A-FF759F9597AD}.Release|Any CPU.Build.0 = Release|Any CPU
		{33FC64C4-6F78-4503-B59A-FF759F9597AD}.Release|Any CPU.Deploy.0 = Release|Any CPU
		{3D5FE363-5446-4D6C-9847-50998B6BA858}.Debug|Any CPU.ActiveCfg = Debug|Any CPU
		{3D5FE363-5446-4D6C-9847-50998B6BA858}.Debug|Any CPU.Build.0 = Debug|Any CPU
		{3D5FE363-5446-4D6C-9847-50998B6BA858}.Debug|Any CPU.Deploy.0 = Debug|Any CPU
		{3D5FE363-5446-4D6C-9847-50998B6BA858}.Release|Any CPU.ActiveCfg = Release|Any CPU
		{3D5FE363-5446-4D6C-9847-50998B6BA858}.Release|Any CPU.Build.0 = Release|Any CPU
		{3D5FE363-5446-4D6C-9847-50998B6BA858}.Release|Any CPU.Deploy.0 = Release|Any CPU
	EndGlobalSection
	GlobalSection(SolutionProperties) = preSolution
		HideSolutionNode = FALSE
	EndGlobalSection
	GlobalSection(ExtensibilityGlobals) = postSolution
		SolutionGuid = {61F7FB11-1E47-470C-91E2-47F8143E1572}
	EndGlobalSection
EndGlobal
