
Microsoft Visual Studio Solution File, Format Version 12.00
# Visual Studio Version 17
VisualStudioVersion = 17.0.31717.71
MinimumVisualStudioVersion = 10.0.40219.1
Project("{9A19103F-16F7-4668-BE54-9A1E7A4F7556}") = "Notes", "Notes\Notes.csproj", "{0B489399-0A85-46FB-A99A-FBFC2AD36048}"
EndProject
Global
	GlobalSection(SolutionConfigurationPlatforms) = preSolution
		Debug|Any CPU = Debug|Any CPU
		Release|Any CPU = Release|Any CPU
	EndGlobalSection
	GlobalSection(ProjectConfigurationPlatforms) = postSolution
		{0B489399-0A85-46FB-A99A-FBFC2AD36048}.Debug|Any CPU.ActiveCfg = Debug|Any CPU
		{0B489399-0A85-46FB-A99A-FBFC2AD36048}.Debug|Any CPU.Build.0 = Debug|Any CPU
		{0B489399-0A85-46FB-A99A-FBFC2AD36048}.Debug|Any CPU.Deploy.0 = Debug|Any CPU
		{0B489399-0A85-46FB-A99A-FBFC2AD36048}.Release|Any CPU.ActiveCfg = Release|Any CPU
		{0B489399-0A85-46FB-A99A-FBFC2AD36048}.Release|Any CPU.Build.0 = Release|Any CPU
		{0B489399-0A85-46FB-A99A-FBFC2AD36048}.Release|Any CPU.Deploy.0 = Release|Any CPU
	EndGlobalSection
	GlobalSection(SolutionProperties) = preSolution
		HideSolutionNode = FALSE
	EndGlobalSection
	GlobalSection(ExtensibilityGlobals) = postSolution
		SolutionGuid = {41DD1C98-FF12-41AC-A7EF-7879263E115B}
	EndGlobalSection
EndGlobal
